
Microsoft Visual Studio Solution File, Format Version 12.00
# Visual Studio 15
VisualStudioVersion = 15.0.26124.0
MinimumVisualStudioVersion = 15.0.26124.0
Project("{FAE04EC0-301F-11D3-BF4B-00C04F79EFBC}") = "PaymentContext.Domain", "PaymentContext.Domain\PaymentContext.Domain.csproj", "{E4EF1488-26CA-42E5-9BA8-502FC813CFD5}"
EndProject
Project("{FAE04EC0-301F-11D3-BF4B-00C04F79EFBC}") = "PaymentContext.Shared", "PaymentContext.Shared\PaymentContext.Shared.csproj", "{C08DA714-352C-41AE-98C1-7EC235E50C40}"
EndProject
Project("{FAE04EC0-301F-11D3-BF4B-00C04F79EFBC}") = "PaymentContext.Tests", "PaymentContext.Tests\PaymentContext.Tests.csproj", "{2ECBDC72-216A-4F7E-A10C-A8951FC26812}"
EndProject
Global
	GlobalSection(SolutionConfigurationPlatforms) = preSolution
		Debug|Any CPU = Debug|Any CPU
		Debug|x64 = Debug|x64
		Debug|x86 = Debug|x86
		Release|Any CPU = Release|Any CPU
		Release|x64 = Release|x64
		Release|x86 = Release|x86
	EndGlobalSection
	GlobalSection(SolutionProperties) = preSolution
		HideSolutionNode = FALSE
	EndGlobalSection
	GlobalSection(ProjectConfigurationPlatforms) = postSolution
		{E4EF1488-26CA-42E5-9BA8-502FC813CFD5}.Debug|Any CPU.ActiveCfg = Debug|Any CPU
		{E4EF1488-26CA-42E5-9BA8-502FC813CFD5}.Debug|Any CPU.Build.0 = Debug|Any CPU
		{E4EF1488-26CA-42E5-9BA8-502FC813CFD5}.Debug|x64.ActiveCfg = Debug|x64
		{E4EF1488-26CA-42E5-9BA8-502FC813CFD5}.Debug|x64.Build.0 = Debug|x64
		{E4EF1488-26CA-42E5-9BA8-502FC813CFD5}.Debug|x86.ActiveCfg = Debug|x86
		{E4EF1488-26CA-42E5-9BA8-502FC813CFD5}.Debug|x86.Build.0 = Debug|x86
		{E4EF1488-26CA-42E5-9BA8-502FC813CFD5}.Release|Any CPU.ActiveCfg = Release|Any CPU
		{E4EF1488-26CA-42E5-9BA8-502FC813CFD5}.Release|Any CPU.Build.0 = Release|Any CPU
		{E4EF1488-26CA-42E5-9BA8-502FC813CFD5}.Release|x64.ActiveCfg = Release|x64
		{E4EF1488-26CA-42E5-9BA8-502FC813CFD5}.Release|x64.Build.0 = Release|x64
		{E4EF1488-26CA-42E5-9BA8-502FC813CFD5}.Release|x86.ActiveCfg = Release|x86
		{E4EF1488-26CA-42E5-9BA8-502FC813CFD5}.Release|x86.Build.0 = Release|x86
		{C08DA714-352C-41AE-98C1-7EC235E50C40}.Debug|Any CPU.ActiveCfg = Debug|Any CPU
		{C08DA714-352C-41AE-98C1-7EC235E50C40}.Debug|Any CPU.Build.0 = Debug|Any CPU
		{C08DA714-352C-41AE-98C1-7EC235E50C40}.Debug|x64.ActiveCfg = Debug|x64
		{C08DA714-352C-41AE-98C1-7EC235E50C40}.Debug|x64.Build.0 = Debug|x64
		{C08DA714-352C-41AE-98C1-7EC235E50C40}.Debug|x86.ActiveCfg = Debug|x86
		{C08DA714-352C-41AE-98C1-7EC235E50C40}.Debug|x86.Build.0 = Debug|x86
		{C08DA714-352C-41AE-98C1-7EC235E50C40}.Release|Any CPU.ActiveCfg = Release|Any CPU
		{C08DA714-352C-41AE-98C1-7EC235E50C40}.Release|Any CPU.Build.0 = Release|Any CPU
		{C08DA714-352C-41AE-98C1-7EC235E50C40}.Release|x64.ActiveCfg = Release|x64
		{C08DA714-352C-41AE-98C1-7EC235E50C40}.Release|x64.Build.0 = Release|x64
		{C08DA714-352C-41AE-98C1-7EC235E50C40}.Release|x86.ActiveCfg = Release|x86
		{C08DA714-352C-41AE-98C1-7EC235E50C40}.Release|x86.Build.0 = Release|x86
		{2ECBDC72-216A-4F7E-A10C-A8951FC26812}.Debug|Any CPU.ActiveCfg = Debug|Any CPU
		{2ECBDC72-216A-4F7E-A10C-A8951FC26812}.Debug|Any CPU.Build.0 = Debug|Any CPU
		{2ECBDC72-216A-4F7E-A10C-A8951FC26812}.Debug|x64.ActiveCfg = Debug|x64
		{2ECBDC72-216A-4F7E-A10C-A8951FC26812}.Debug|x64.Build.0 = Debug|x64
		{2ECBDC72-216A-4F7E-A10C-A8951FC26812}.Debug|x86.ActiveCfg = Debug|x86
		{2ECBDC72-216A-4F7E-A10C-A8951FC26812}.Debug|x86.Build.0 = Debug|x86
		{2ECBDC72-216A-4F7E-A10C-A8951FC26812}.Release|Any CPU.ActiveCfg = Release|Any CPU
		{2ECBDC72-216A-4F7E-A10C-A8951FC26812}.Release|Any CPU.Build.0 = Release|Any CPU
		{2ECBDC72-216A-4F7E-A10C-A8951FC26812}.Release|x64.ActiveCfg = Release|x64
		{2ECBDC72-216A-4F7E-A10C-A8951FC26812}.Release|x64.Build.0 = Release|x64
		{2ECBDC72-216A-4F7E-A10C-A8951FC26812}.Release|x86.ActiveCfg = Release|x86
		{2ECBDC72-216A-4F7E-A10C-A8951FC26812}.Release|x86.Build.0 = Release|x86
	EndGlobalSection
EndGlobal
